
Microsoft Visual Studio Solution File, Format Version 12.00
# Visual Studio 15
VisualStudioVersion = 15.0.28307.329
MinimumVisualStudioVersion = 10.0.40219.1
Project("{FAE04EC0-301F-11D3-BF4B-00C04F79EFBC}") = "ConsoleApp1", "ConsoleApp1\ConsoleApp1.csproj", "{D4BD2C1F-A69A-4802-8D5F-6254EEF05F28}"
EndProject
Global
	GlobalSection(SolutionConfigurationPlatforms) = preSolution
		Debug|Any CPU = Debug|Any CPU
		Release|Any CPU = Release|Any CPU
	EndGlobalSection
	GlobalSection(ProjectConfigurationPlatforms) = postSolution
		{D4BD2C1F-A69A-4802-8D5F-6254EEF05F28}.Debug|Any CPU.ActiveCfg = Debug|Any CPU
		{D4BD2C1F-A69A-4802-8D5F-6254EEF05F28}.Debug|Any CPU.Build.0 = Debug|Any CPU
		{D4BD2C1F-A69A-4802-8D5F-6254EEF05F28}.Release|Any CPU.ActiveCfg = Release|Any CPU
		{D4BD2C1F-A69A-4802-8D5F-6254EEF05F28}.Release|Any CPU.Build.0 = Release|Any CPU
	EndGlobalSection
	GlobalSection(SolutionProperties) = preSolution
		HideSolutionNode = FALSE
	EndGlobalSection
	GlobalSection(ExtensibilityGlobals) = postSolution
		SolutionGuid = {36D77DE3-C053-46A8-9BE9-E2CC8730616F}
	EndGlobalSection
EndGlobal
